// !$*UTF8*$!
{
	archiveVersion = 1;
	classes = {
	};
	objectVersion = 46;
	objects = {

/* Begin PBXBuildFile section */
		22B359A31AC75E850037107C /* MicdStyleKit.m in Sources */ = {isa = PBXBuildFile; fileRef = 22B359A21AC75E850037107C /* MicdStyleKit.m */; };
		22B359A61AC75F2E0037107C /* ProgressBarView.m in Sources */ = {isa = PBXBuildFile; fileRef = 22B359A51AC75F2E0037107C /* ProgressBarView.m */; };
		22B3B94A1AD2290A00AFE02F /* MicrophoneAccessRequiredViewController.m in Sources */ = {isa = PBXBuildFile; fileRef = 22B3B9491AD2290A00AFE02F /* MicrophoneAccessRequiredViewController.m */; };
		22D2439C1AD0D87700867992 /* FeedbackViewController.m in Sources */ = {isa = PBXBuildFile; fileRef = 22D2439B1AD0D87700867992 /* FeedbackViewController.m */; };
		6550B4540B6DB171FECB3CD2 /* libPods.a in Frameworks */ = {isa = PBXBuildFile; fileRef = 2ADDB858B803861D5C14D578 /* libPods.a */; };
		7A115BEF1AEF3D5C007BD865 /* ShareExtensionController.m in Sources */ = {isa = PBXBuildFile; fileRef = 7A115BEE1AEF3D5C007BD865 /* ShareExtensionController.m */; };
		7A146A8A1ACA4260004C55A2 /* RemoteCommandCenterController.m in Sources */ = {isa = PBXBuildFile; fileRef = 7A146A891ACA4260004C55A2 /* RemoteCommandCenterController.m */; };
		7A301EF11AC75AE600FC900D /* VersionController.m in Sources */ = {isa = PBXBuildFile; fileRef = 7A301EF01AC75AE600FC900D /* VersionController.m */; };
		7A301EF21AC7653100FC900D /* Constants.m in Sources */ = {isa = PBXBuildFile; fileRef = 7AC290A71A8EF0100085B927 /* Constants.m */; };
		7A307A641AB924E9007AF96D /* MTKValidKeyPath.m in Sources */ = {isa = PBXBuildFile; fileRef = 7A307A631AB924E9007AF96D /* MTKValidKeyPath.m */; };
		7A581D501ACE4373008828CC /* RecordingsInterfaceController.m in Sources */ = {isa = PBXBuildFile; fileRef = 7A581D4F1ACE4373008828CC /* RecordingsInterfaceController.m */; };
		7A581D531ACE5423008828CC /* RecordingRowController.m in Sources */ = {isa = PBXBuildFile; fileRef = 7A581D521ACE5423008828CC /* RecordingRowController.m */; };
		7A581D561AD0E459008828CC /* AudioSessionController.m in Sources */ = {isa = PBXBuildFile; fileRef = 7A581D551AD0E459008828CC /* AudioSessionController.m */; };
		7A72932C1AD1FADD0001B36C /* UIColor+PalettePicker.m in Sources */ = {isa = PBXBuildFile; fileRef = 7AFC16771ABE6C8600B5B7F8 /* UIColor+PalettePicker.m */; };
		7A72932D1AD1FD270001B36C /* UIColor+Palette.m in Sources */ = {isa = PBXBuildFile; fileRef = D05D759C1A79AC4E0050A49C /* UIColor+Palette.m */; };
		7A96606A1AC5E6C500439660 /* Factory.m in Sources */ = {isa = PBXBuildFile; fileRef = 7A9660691AC5E6C500439660 /* Factory.m */; };
		7AC290B61A8EF0100085B927 /* Constants.m in Sources */ = {isa = PBXBuildFile; fileRef = 7AC290A71A8EF0100085B927 /* Constants.m */; };
		7AC290B71A8EF0100085B927 /* PlayerController.m in Sources */ = {isa = PBXBuildFile; fileRef = 7AC290A91A8EF0100085B927 /* PlayerController.m */; };
		7AC290B81A8EF0100085B927 /* RecorderController.m in Sources */ = {isa = PBXBuildFile; fileRef = 7AC290AB1A8EF0100085B927 /* RecorderController.m */; };
		7AC290B91A8EF0100085B927 /* Recording.m in Sources */ = {isa = PBXBuildFile; fileRef = 7AC290AD1A8EF0100085B927 /* Recording.m */; };
		7AC290BC1A8EF0100085B927 /* CKSearchViewController.m in Sources */ = {isa = PBXBuildFile; fileRef = 7AC290B31A8EF0100085B927 /* CKSearchViewController.m */; };
		7AC290BD1A8EF0100085B927 /* FakesForProject.m in Sources */ = {isa = PBXBuildFile; fileRef = 7AC290B51A8EF0100085B927 /* FakesForProject.m */; };
		7AFC16781ABE6C8600B5B7F8 /* UIColor+PalettePicker.m in Sources */ = {isa = PBXBuildFile; fileRef = 7AFC16771ABE6C8600B5B7F8 /* UIColor+PalettePicker.m */; };
		D034F0421AA148680059028D /* RecordingsSection.m in Sources */ = {isa = PBXBuildFile; fileRef = D034F0411AA148680059028D /* RecordingsSection.m */; };
		D0449A2D1AD4C2F200314743 /* splashScreen.png in Resources */ = {isa = PBXBuildFile; fileRef = D0449A2C1AD4C2F200314743 /* splashScreen.png */; };
		D05405241AD382DD0026057E /* TactileShapedButton.m in Sources */ = {isa = PBXBuildFile; fileRef = D05405231AD382DD0026057E /* TactileShapedButton.m */; };
		D05500F81AA7C8F100C71FE1 /* PassthroughView.m in Sources */ = {isa = PBXBuildFile; fileRef = D05500F71AA7C8F100C71FE1 /* PassthroughView.m */; };
		D05500FB1AA7CAD600C71FE1 /* PassthroughImageView.m in Sources */ = {isa = PBXBuildFile; fileRef = D05500FA1AA7CAD600C71FE1 /* PassthroughImageView.m */; };
		D05D75721A79AAA40050A49C /* main.m in Sources */ = {isa = PBXBuildFile; fileRef = D05D75711A79AAA40050A49C /* main.m */; };
		D05D75751A79AAA40050A49C /* AppDelegate.m in Sources */ = {isa = PBXBuildFile; fileRef = D05D75741A79AAA40050A49C /* AppDelegate.m */; };
		D05D75781A79AAA40050A49C /* ParentViewController.m in Sources */ = {isa = PBXBuildFile; fileRef = D05D75771A79AAA40050A49C /* ParentViewController.m */; };
		D05D757B1A79AAA40050A49C /* Main.storyboard in Resources */ = {isa = PBXBuildFile; fileRef = D05D75791A79AAA40050A49C /* Main.storyboard */; };
		D05D757D1A79AAA40050A49C /* Images.xcassets in Resources */ = {isa = PBXBuildFile; fileRef = D05D757C1A79AAA40050A49C /* Images.xcassets */; };
		D05D75801A79AAA40050A49C /* LaunchScreen.xib in Resources */ = {isa = PBXBuildFile; fileRef = D05D757E1A79AAA40050A49C /* LaunchScreen.xib */; };
		D05D758C1A79AAA40050A49C /* micdTests.m in Sources */ = {isa = PBXBuildFile; fileRef = D05D758B1A79AAA40050A49C /* micdTests.m */; };
		D05D75971A79ABDC0050A49C /* WireTapStyleKit.m in Sources */ = {isa = PBXBuildFile; fileRef = D05D75961A79ABDC0050A49C /* WireTapStyleKit.m */; };
		D05D759D1A79AC4E0050A49C /* UIColor+Palette.m in Sources */ = {isa = PBXBuildFile; fileRef = D05D759C1A79AC4E0050A49C /* UIColor+Palette.m */; };
		D06160A01AE0D6DF00F40DF7 /* recordButton.png in Resources */ = {isa = PBXBuildFile; fileRef = D061609F1AE0D6DF00F40DF7 /* recordButton.png */; };
		D077E54D1AA40A660004AFE4 /* RecordingCellModel.m in Sources */ = {isa = PBXBuildFile; fileRef = D077E54C1AA40A660004AFE4 /* RecordingCellModel.m */; };
		D08D4BEB1AB27EE300949483 /* PopViewAnimator.m in Sources */ = {isa = PBXBuildFile; fileRef = D08D4BEA1AB27EE300949483 /* PopViewAnimator.m */; };
		D08D4BF11AB407C400949483 /* DisplayLinkController.m in Sources */ = {isa = PBXBuildFile; fileRef = D08D4BF01AB407C400949483 /* DisplayLinkController.m */; };
		D08E23BA1AD49F9A00E8CB59 /* ActivityItemProvider.m in Sources */ = {isa = PBXBuildFile; fileRef = D08E23B91AD49F9A00E8CB59 /* ActivityItemProvider.m */; };
		D09A69ED1A86E53100A2C347 /* RecordingsViewController.m in Sources */ = {isa = PBXBuildFile; fileRef = D09A69EC1A86E53100A2C347 /* RecordingsViewController.m */; };
		D09A69F01A86EFC500A2C347 /* HomeViewController.m in Sources */ = {isa = PBXBuildFile; fileRef = D09A69EF1A86EFC500A2C347 /* HomeViewController.m */; };
		D0A427CD1ACE370B00BBC4D6 /* SettingsViewController.m in Sources */ = {isa = PBXBuildFile; fileRef = D0A427CB1ACE370B00BBC4D6 /* SettingsViewController.m */; };
		D0B0DE471A8DA10200C88773 /* GearsImageView.m in Sources */ = {isa = PBXBuildFile; fileRef = D0B0DE461A8DA10200C88773 /* GearsImageView.m */; };
		D0BA6D031AB906D800F6B3FF /* icon.pdf in Resources */ = {isa = PBXBuildFile; fileRef = D0BA6D021AB906D800F6B3FF /* icon.pdf */; };
		D0BD55831AB6690600A73485 /* RecordingsView.m in Sources */ = {isa = PBXBuildFile; fileRef = D0BD55821AB6690600A73485 /* RecordingsView.m */; };
		D0BFAD291ABE351A0051F0CF /* NSObject+Blocks.m in Sources */ = {isa = PBXBuildFile; fileRef = D0BFAD281ABE351A0051F0CF /* NSObject+Blocks.m */; };
		D0BFAD3F1ABF9C9B0051F0CF /* RecorderInterfaceController.m in Sources */ = {isa = PBXBuildFile; fileRef = D0BFAD3E1ABF9C9B0051F0CF /* RecorderInterfaceController.m */; };
		D0BFAD411ABF9C9B0051F0CF /* Images.xcassets in Resources */ = {isa = PBXBuildFile; fileRef = D0BFAD401ABF9C9B0051F0CF /* Images.xcassets */; };
		D0BFAD451ABF9C9B0051F0CF /* micd WatchKit App.app in Resources */ = {isa = PBXBuildFile; fileRef = D0BFAD441ABF9C9B0051F0CF /* micd WatchKit App.app */; };
		D0BFAD4D1ABF9C9B0051F0CF /* Interface.storyboard in Resources */ = {isa = PBXBuildFile; fileRef = D0BFAD4B1ABF9C9B0051F0CF /* Interface.storyboard */; };
		D0BFAD4F1ABF9C9B0051F0CF /* Images.xcassets in Resources */ = {isa = PBXBuildFile; fileRef = D0BFAD4E1ABF9C9B0051F0CF /* Images.xcassets */; };
		D0BFAD521ABF9C9B0051F0CF /* micd WatchKit Extension.appex in Embed App Extensions */ = {isa = PBXBuildFile; fileRef = D0BFAD391ABF9C9B0051F0CF /* micd WatchKit Extension.appex */; settings = {ATTRIBUTES = (RemoveHeadersOnCopy, ); }; };
		D0BFED401ACE4BD700E12526 /* SettingsView.m in Sources */ = {isa = PBXBuildFile; fileRef = D0BFED3F1ACE4BD700E12526 /* SettingsView.m */; };
		D0BFED451ACE517A00E12526 /* DismissingAnimationController.m in Sources */ = {isa = PBXBuildFile; fileRef = D0BFED421ACE517A00E12526 /* DismissingAnimationController.m */; };
		D0BFED461ACE517A00E12526 /* PresentingAnimationController.m in Sources */ = {isa = PBXBuildFile; fileRef = D0BFED441ACE517A00E12526 /* PresentingAnimationController.m */; };
		D0C67CD01A8EF917000F501A /* DataSourceController.m in Sources */ = {isa = PBXBuildFile; fileRef = D0C67CCF1A8EF917000F501A /* DataSourceController.m */; };
		D0C67CD61A91B9D4000F501A /* RecordingCell.m in Sources */ = {isa = PBXBuildFile; fileRef = D0C67CD51A91B9D4000F501A /* RecordingCell.m */; };
		D0C67CDC1A929A4C000F501A /* FramesController.m in Sources */ = {isa = PBXBuildFile; fileRef = D0C67CDB1A929A4C000F501A /* FramesController.m */; };
		D0F97F541A92A46800F07032 /* NSString+Score.m in Sources */ = {isa = PBXBuildFile; fileRef = D0F97F531A92A46800F07032 /* NSString+Score.m */; };
/* End PBXBuildFile section */

/* Begin PBXContainerItemProxy section */
		D05D75861A79AAA40050A49C /* PBXContainerItemProxy */ = {
			isa = PBXContainerItemProxy;
			containerPortal = D05D75641A79AAA40050A49C /* Project object */;
			proxyType = 1;
			remoteGlobalIDString = D05D756B1A79AAA40050A49C;
			remoteInfo = micd;
		};
		D0BFAD461ABF9C9B0051F0CF /* PBXContainerItemProxy */ = {
			isa = PBXContainerItemProxy;
			containerPortal = D05D75641A79AAA40050A49C /* Project object */;
			proxyType = 1;
			remoteGlobalIDString = D0BFAD431ABF9C9B0051F0CF;
			remoteInfo = "micd WatchKit App";
		};
		D0BFAD501ABF9C9B0051F0CF /* PBXContainerItemProxy */ = {
			isa = PBXContainerItemProxy;
			containerPortal = D05D75641A79AAA40050A49C /* Project object */;
			proxyType = 1;
			remoteGlobalIDString = D0BFAD381ABF9C9B0051F0CF;
			remoteInfo = "micd WatchKit Extension";
		};
/* End PBXContainerItemProxy section */

/* Begin PBXCopyFilesBuildPhase section */
		D0BFAD591ABF9C9B0051F0CF /* Embed App Extensions */ = {
			isa = PBXCopyFilesBuildPhase;
			buildActionMask = 2147483647;
			dstPath = "";
			dstSubfolderSpec = 13;
			files = (
				D0BFAD521ABF9C9B0051F0CF /* micd WatchKit Extension.appex in Embed App Extensions */,
			);
			name = "Embed App Extensions";
			runOnlyForDeploymentPostprocessing = 0;
		};
/* End PBXCopyFilesBuildPhase section */

/* Begin PBXFileReference section */
		22B359A11AC75E850037107C /* MicdStyleKit.h */ = {isa = PBXFileReference; fileEncoding = 4; lastKnownFileType = sourcecode.c.h; name = MicdStyleKit.h; path = micd/MicdStyleKit.h; sourceTree = "<group>"; };
		22B359A21AC75E850037107C /* MicdStyleKit.m */ = {isa = PBXFileReference; fileEncoding = 4; lastKnownFileType = sourcecode.c.objc; name = MicdStyleKit.m; path = micd/MicdStyleKit.m; sourceTree = "<group>"; };
		22B359A41AC75F2E0037107C /* ProgressBarView.h */ = {isa = PBXFileReference; fileEncoding = 4; lastKnownFileType = sourcecode.c.h; path = ProgressBarView.h; sourceTree = "<group>"; };
		22B359A51AC75F2E0037107C /* ProgressBarView.m */ = {isa = PBXFileReference; fileEncoding = 4; lastKnownFileType = sourcecode.c.objc; path = ProgressBarView.m; sourceTree = "<group>"; };
		22B3B9481AD2290A00AFE02F /* MicrophoneAccessRequiredViewController.h */ = {isa = PBXFileReference; fileEncoding = 4; lastKnownFileType = sourcecode.c.h; path = MicrophoneAccessRequiredViewController.h; sourceTree = "<group>"; };
		22B3B9491AD2290A00AFE02F /* MicrophoneAccessRequiredViewController.m */ = {isa = PBXFileReference; fileEncoding = 4; lastKnownFileType = sourcecode.c.objc; path = MicrophoneAccessRequiredViewController.m; sourceTree = "<group>"; };
		22D2439A1AD0D87700867992 /* FeedbackViewController.h */ = {isa = PBXFileReference; fileEncoding = 4; lastKnownFileType = sourcecode.c.h; path = FeedbackViewController.h; sourceTree = "<group>"; };
		22D2439B1AD0D87700867992 /* FeedbackViewController.m */ = {isa = PBXFileReference; fileEncoding = 4; lastKnownFileType = sourcecode.c.objc; path = FeedbackViewController.m; sourceTree = "<group>"; };
		2ADDB858B803861D5C14D578 /* libPods.a */ = {isa = PBXFileReference; explicitFileType = archive.ar; includeInIndex = 0; path = libPods.a; sourceTree = BUILT_PRODUCTS_DIR; };
		7A115BED1AEF3D5C007BD865 /* ShareExtensionController.h */ = {isa = PBXFileReference; fileEncoding = 4; lastKnownFileType = sourcecode.c.h; path = ShareExtensionController.h; sourceTree = "<group>"; };
		7A115BEE1AEF3D5C007BD865 /* ShareExtensionController.m */ = {isa = PBXFileReference; fileEncoding = 4; lastKnownFileType = sourcecode.c.objc; path = ShareExtensionController.m; sourceTree = "<group>"; };
		7A146A881ACA4260004C55A2 /* RemoteCommandCenterController.h */ = {isa = PBXFileReference; fileEncoding = 4; lastKnownFileType = sourcecode.c.h; path = RemoteCommandCenterController.h; sourceTree = "<group>"; };
		7A146A891ACA4260004C55A2 /* RemoteCommandCenterController.m */ = {isa = PBXFileReference; fileEncoding = 4; lastKnownFileType = sourcecode.c.objc; path = RemoteCommandCenterController.m; sourceTree = "<group>"; };
		7A301EEF1AC75AE600FC900D /* VersionController.h */ = {isa = PBXFileReference; fileEncoding = 4; lastKnownFileType = sourcecode.c.h; path = VersionController.h; sourceTree = "<group>"; };
		7A301EF01AC75AE600FC900D /* VersionController.m */ = {isa = PBXFileReference; fileEncoding = 4; lastKnownFileType = sourcecode.c.objc; path = VersionController.m; sourceTree = "<group>"; };
		7A307A621AB924E9007AF96D /* MTKValidKeyPath.h */ = {isa = PBXFileReference; fileEncoding = 4; lastKnownFileType = sourcecode.c.h; name = MTKValidKeyPath.h; path = micd/MTKValidKeyPath.h; sourceTree = "<group>"; };
		7A307A631AB924E9007AF96D /* MTKValidKeyPath.m */ = {isa = PBXFileReference; fileEncoding = 4; lastKnownFileType = sourcecode.c.objc; name = MTKValidKeyPath.m; path = micd/MTKValidKeyPath.m; sourceTree = "<group>"; };
		7A581D4E1ACE4373008828CC /* RecordingsInterfaceController.h */ = {isa = PBXFileReference; fileEncoding = 4; lastKnownFileType = sourcecode.c.h; path = RecordingsInterfaceController.h; sourceTree = "<group>"; };
		7A581D4F1ACE4373008828CC /* RecordingsInterfaceController.m */ = {isa = PBXFileReference; fileEncoding = 4; lastKnownFileType = sourcecode.c.objc; path = RecordingsInterfaceController.m; sourceTree = "<group>"; };
		7A581D511ACE5423008828CC /* RecordingRowController.h */ = {isa = PBXFileReference; fileEncoding = 4; lastKnownFileType = sourcecode.c.h; path = RecordingRowController.h; sourceTree = "<group>"; };
		7A581D521ACE5423008828CC /* RecordingRowController.m */ = {isa = PBXFileReference; fileEncoding = 4; lastKnownFileType = sourcecode.c.objc; path = RecordingRowController.m; sourceTree = "<group>"; };
		7A581D541AD0E459008828CC /* AudioSessionController.h */ = {isa = PBXFileReference; fileEncoding = 4; lastKnownFileType = sourcecode.c.h; path = AudioSessionController.h; sourceTree = "<group>"; };
		7A581D551AD0E459008828CC /* AudioSessionController.m */ = {isa = PBXFileReference; fileEncoding = 4; lastKnownFileType = sourcecode.c.objc; path = AudioSessionController.m; sourceTree = "<group>"; };
		7A9660681AC5E6C500439660 /* Factory.h */ = {isa = PBXFileReference; fileEncoding = 4; lastKnownFileType = sourcecode.c.h; path = Factory.h; sourceTree = "<group>"; };
		7A9660691AC5E6C500439660 /* Factory.m */ = {isa = PBXFileReference; fileEncoding = 4; lastKnownFileType = sourcecode.c.objc; path = Factory.m; sourceTree = "<group>"; };
		7AC290A61A8EF0100085B927 /* Constants.h */ = {isa = PBXFileReference; fileEncoding = 4; lastKnownFileType = sourcecode.c.h; name = Constants.h; path = micd/Constants.h; sourceTree = "<group>"; };
		7AC290A71A8EF0100085B927 /* Constants.m */ = {isa = PBXFileReference; fileEncoding = 4; lastKnownFileType = sourcecode.c.objc; name = Constants.m; path = micd/Constants.m; sourceTree = "<group>"; };
		7AC290A81A8EF0100085B927 /* PlayerController.h */ = {isa = PBXFileReference; fileEncoding = 4; lastKnownFileType = sourcecode.c.h; path = PlayerController.h; sourceTree = "<group>"; };
		7AC290A91A8EF0100085B927 /* PlayerController.m */ = {isa = PBXFileReference; fileEncoding = 4; lastKnownFileType = sourcecode.c.objc; path = PlayerController.m; sourceTree = "<group>"; };
		7AC290AA1A8EF0100085B927 /* RecorderController.h */ = {isa = PBXFileReference; fileEncoding = 4; lastKnownFileType = sourcecode.c.h; path = RecorderController.h; sourceTree = "<group>"; };
		7AC290AB1A8EF0100085B927 /* RecorderController.m */ = {isa = PBXFileReference; fileEncoding = 4; lastKnownFileType = sourcecode.c.objc; path = RecorderController.m; sourceTree = "<group>"; };
		7AC290AC1A8EF0100085B927 /* Recording.h */ = {isa = PBXFileReference; fileEncoding = 4; lastKnownFileType = sourcecode.c.h; path = Recording.h; sourceTree = "<group>"; };
		7AC290AD1A8EF0100085B927 /* Recording.m */ = {isa = PBXFileReference; fileEncoding = 4; lastKnownFileType = sourcecode.c.objc; path = Recording.m; sourceTree = "<group>"; };
		7AC290B21A8EF0100085B927 /* CKSearchViewController.h */ = {isa = PBXFileReference; fileEncoding = 4; lastKnownFileType = sourcecode.c.h; path = CKSearchViewController.h; sourceTree = "<group>"; };
		7AC290B31A8EF0100085B927 /* CKSearchViewController.m */ = {isa = PBXFileReference; fileEncoding = 4; lastKnownFileType = sourcecode.c.objc; path = CKSearchViewController.m; sourceTree = "<group>"; };
		7AC290B41A8EF0100085B927 /* FakesForProject.h */ = {isa = PBXFileReference; fileEncoding = 4; lastKnownFileType = sourcecode.c.h; path = FakesForProject.h; sourceTree = "<group>"; };
		7AC290B51A8EF0100085B927 /* FakesForProject.m */ = {isa = PBXFileReference; fileEncoding = 4; lastKnownFileType = sourcecode.c.objc; path = FakesForProject.m; sourceTree = "<group>"; };
		7AFC16761ABE6C8600B5B7F8 /* UIColor+PalettePicker.h */ = {isa = PBXFileReference; fileEncoding = 4; lastKnownFileType = sourcecode.c.h; name = "UIColor+PalettePicker.h"; path = "micd/UIColor+PalettePicker.h"; sourceTree = "<group>"; };
		7AFC16771ABE6C8600B5B7F8 /* UIColor+PalettePicker.m */ = {isa = PBXFileReference; fileEncoding = 4; lastKnownFileType = sourcecode.c.objc; name = "UIColor+PalettePicker.m"; path = "micd/UIColor+PalettePicker.m"; sourceTree = "<group>"; };
		97CB92049F40C98A8BAF6E34 /* Pods.release.xcconfig */ = {isa = PBXFileReference; includeInIndex = 1; lastKnownFileType = text.xcconfig; name = Pods.release.xcconfig; path = "Pods/Target Support Files/Pods/Pods.release.xcconfig"; sourceTree = "<group>"; };
		D034F0401AA148680059028D /* RecordingsSection.h */ = {isa = PBXFileReference; fileEncoding = 4; lastKnownFileType = sourcecode.c.h; path = RecordingsSection.h; sourceTree = "<group>"; };
		D034F0411AA148680059028D /* RecordingsSection.m */ = {isa = PBXFileReference; fileEncoding = 4; lastKnownFileType = sourcecode.c.objc; path = RecordingsSection.m; sourceTree = "<group>"; };
		D0449A2C1AD4C2F200314743 /* splashScreen.png */ = {isa = PBXFileReference; lastKnownFileType = image.png; name = splashScreen.png; path = micd/splashScreen.png; sourceTree = "<group>"; };
		D05405221AD382DD0026057E /* TactileShapedButton.h */ = {isa = PBXFileReference; fileEncoding = 4; lastKnownFileType = sourcecode.c.h; path = TactileShapedButton.h; sourceTree = "<group>"; };
		D05405231AD382DD0026057E /* TactileShapedButton.m */ = {isa = PBXFileReference; fileEncoding = 4; lastKnownFileType = sourcecode.c.objc; path = TactileShapedButton.m; sourceTree = "<group>"; };
		D05500F61AA7C8F100C71FE1 /* PassthroughView.h */ = {isa = PBXFileReference; fileEncoding = 4; lastKnownFileType = sourcecode.c.h; path = PassthroughView.h; sourceTree = "<group>"; };
		D05500F71AA7C8F100C71FE1 /* PassthroughView.m */ = {isa = PBXFileReference; fileEncoding = 4; lastKnownFileType = sourcecode.c.objc; path = PassthroughView.m; sourceTree = "<group>"; };
		D05500F91AA7CAD600C71FE1 /* PassthroughImageView.h */ = {isa = PBXFileReference; fileEncoding = 4; lastKnownFileType = sourcecode.c.h; path = PassthroughImageView.h; sourceTree = "<group>"; };
		D05500FA1AA7CAD600C71FE1 /* PassthroughImageView.m */ = {isa = PBXFileReference; fileEncoding = 4; lastKnownFileType = sourcecode.c.objc; path = PassthroughImageView.m; sourceTree = "<group>"; };
		D05D756C1A79AAA40050A49C /* micd.app */ = {isa = PBXFileReference; explicitFileType = wrapper.application; includeInIndex = 0; path = micd.app; sourceTree = BUILT_PRODUCTS_DIR; };
		D05D75701A79AAA40050A49C /* Info.plist */ = {isa = PBXFileReference; lastKnownFileType = text.plist.xml; path = Info.plist; sourceTree = "<group>"; };
		D05D75711A79AAA40050A49C /* main.m */ = {isa = PBXFileReference; lastKnownFileType = sourcecode.c.objc; path = main.m; sourceTree = "<group>"; };
		D05D75731A79AAA40050A49C /* AppDelegate.h */ = {isa = PBXFileReference; lastKnownFileType = sourcecode.c.h; path = AppDelegate.h; sourceTree = "<group>"; };
		D05D75741A79AAA40050A49C /* AppDelegate.m */ = {isa = PBXFileReference; lastKnownFileType = sourcecode.c.objc; path = AppDelegate.m; sourceTree = "<group>"; };
		D05D75761A79AAA40050A49C /* ParentViewController.h */ = {isa = PBXFileReference; lastKnownFileType = sourcecode.c.h; path = ParentViewController.h; sourceTree = "<group>"; };
		D05D75771A79AAA40050A49C /* ParentViewController.m */ = {isa = PBXFileReference; lastKnownFileType = sourcecode.c.objc; path = ParentViewController.m; sourceTree = "<group>"; };
		D05D757A1A79AAA40050A49C /* Base */ = {isa = PBXFileReference; lastKnownFileType = file.storyboard; name = Base; path = Base.lproj/Main.storyboard; sourceTree = "<group>"; };
		D05D757C1A79AAA40050A49C /* Images.xcassets */ = {isa = PBXFileReference; lastKnownFileType = folder.assetcatalog; path = Images.xcassets; sourceTree = "<group>"; };
		D05D757F1A79AAA40050A49C /* Base */ = {isa = PBXFileReference; lastKnownFileType = file.xib; name = Base; path = Base.lproj/LaunchScreen.xib; sourceTree = "<group>"; };
		D05D75851A79AAA40050A49C /* micdTests.xctest */ = {isa = PBXFileReference; explicitFileType = wrapper.cfbundle; includeInIndex = 0; path = micdTests.xctest; sourceTree = BUILT_PRODUCTS_DIR; };
		D05D758A1A79AAA40050A49C /* Info.plist */ = {isa = PBXFileReference; lastKnownFileType = text.plist.xml; path = Info.plist; sourceTree = "<group>"; };
		D05D758B1A79AAA40050A49C /* micdTests.m */ = {isa = PBXFileReference; lastKnownFileType = sourcecode.c.objc; path = micdTests.m; sourceTree = "<group>"; };
		D05D75951A79ABDC0050A49C /* WireTapStyleKit.h */ = {isa = PBXFileReference; fileEncoding = 4; lastKnownFileType = sourcecode.c.h; name = WireTapStyleKit.h; path = micd/WireTapStyleKit.h; sourceTree = "<group>"; };
		D05D75961A79ABDC0050A49C /* WireTapStyleKit.m */ = {isa = PBXFileReference; fileEncoding = 4; lastKnownFileType = sourcecode.c.objc; name = WireTapStyleKit.m; path = micd/WireTapStyleKit.m; sourceTree = "<group>"; };
		D05D759B1A79AC4E0050A49C /* UIColor+Palette.h */ = {isa = PBXFileReference; fileEncoding = 4; lastKnownFileType = sourcecode.c.h; name = "UIColor+Palette.h"; path = "micd/UIColor+Palette.h"; sourceTree = "<group>"; };
		D05D759C1A79AC4E0050A49C /* UIColor+Palette.m */ = {isa = PBXFileReference; fileEncoding = 4; lastKnownFileType = sourcecode.c.objc; name = "UIColor+Palette.m"; path = "micd/UIColor+Palette.m"; sourceTree = "<group>"; };
		D061609F1AE0D6DF00F40DF7 /* recordButton.png */ = {isa = PBXFileReference; lastKnownFileType = image.png; path = recordButton.png; sourceTree = "<group>"; };
		D077E54B1AA40A660004AFE4 /* RecordingCellModel.h */ = {isa = PBXFileReference; fileEncoding = 4; lastKnownFileType = sourcecode.c.h; path = RecordingCellModel.h; sourceTree = "<group>"; };
		D077E54C1AA40A660004AFE4 /* RecordingCellModel.m */ = {isa = PBXFileReference; fileEncoding = 4; lastKnownFileType = sourcecode.c.objc; path = RecordingCellModel.m; sourceTree = "<group>"; };
		D08D4BE91AB27EE300949483 /* PopViewAnimator.h */ = {isa = PBXFileReference; fileEncoding = 4; lastKnownFileType = sourcecode.c.h; name = PopViewAnimator.h; path = micd/PopViewAnimator.h; sourceTree = "<group>"; };
		D08D4BEA1AB27EE300949483 /* PopViewAnimator.m */ = {isa = PBXFileReference; fileEncoding = 4; lastKnownFileType = sourcecode.c.objc; name = PopViewAnimator.m; path = micd/PopViewAnimator.m; sourceTree = "<group>"; };
		D08D4BEF1AB407C400949483 /* DisplayLinkController.h */ = {isa = PBXFileReference; fileEncoding = 4; lastKnownFileType = sourcecode.c.h; path = DisplayLinkController.h; sourceTree = "<group>"; };
		D08D4BF01AB407C400949483 /* DisplayLinkController.m */ = {isa = PBXFileReference; fileEncoding = 4; lastKnownFileType = sourcecode.c.objc; path = DisplayLinkController.m; sourceTree = "<group>"; };
		D08E23B81AD49F9A00E8CB59 /* ActivityItemProvider.h */ = {isa = PBXFileReference; fileEncoding = 4; lastKnownFileType = sourcecode.c.h; path = ActivityItemProvider.h; sourceTree = "<group>"; };
		D08E23B91AD49F9A00E8CB59 /* ActivityItemProvider.m */ = {isa = PBXFileReference; fileEncoding = 4; lastKnownFileType = sourcecode.c.objc; path = ActivityItemProvider.m; sourceTree = "<group>"; };
		D09A69EB1A86E53100A2C347 /* RecordingsViewController.h */ = {isa = PBXFileReference; fileEncoding = 4; lastKnownFileType = sourcecode.c.h; path = RecordingsViewController.h; sourceTree = "<group>"; };
		D09A69EC1A86E53100A2C347 /* RecordingsViewController.m */ = {isa = PBXFileReference; fileEncoding = 4; lastKnownFileType = sourcecode.c.objc; path = RecordingsViewController.m; sourceTree = "<group>"; };
		D09A69EE1A86EFC500A2C347 /* HomeViewController.h */ = {isa = PBXFileReference; fileEncoding = 4; lastKnownFileType = sourcecode.c.h; path = HomeViewController.h; sourceTree = "<group>"; };
		D09A69EF1A86EFC500A2C347 /* HomeViewController.m */ = {isa = PBXFileReference; fileEncoding = 4; lastKnownFileType = sourcecode.c.objc; path = HomeViewController.m; sourceTree = "<group>"; };
		D0A427CA1ACE370B00BBC4D6 /* SettingsViewController.h */ = {isa = PBXFileReference; fileEncoding = 4; lastKnownFileType = sourcecode.c.h; path = SettingsViewController.h; sourceTree = "<group>"; };
		D0A427CB1ACE370B00BBC4D6 /* SettingsViewController.m */ = {isa = PBXFileReference; fileEncoding = 4; lastKnownFileType = sourcecode.c.objc; path = SettingsViewController.m; sourceTree = "<group>"; };
		D0B0DE451A8DA10200C88773 /* GearsImageView.h */ = {isa = PBXFileReference; fileEncoding = 4; lastKnownFileType = sourcecode.c.h; path = GearsImageView.h; sourceTree = "<group>"; };
		D0B0DE461A8DA10200C88773 /* GearsImageView.m */ = {isa = PBXFileReference; fileEncoding = 4; lastKnownFileType = sourcecode.c.objc; path = GearsImageView.m; sourceTree = "<group>"; };
		D0BA6D021AB906D800F6B3FF /* icon.pdf */ = {isa = PBXFileReference; lastKnownFileType = image.pdf; path = icon.pdf; sourceTree = "<group>"; };
		D0BD55811AB6690600A73485 /* RecordingsView.h */ = {isa = PBXFileReference; fileEncoding = 4; lastKnownFileType = sourcecode.c.h; path = RecordingsView.h; sourceTree = "<group>"; };
		D0BD55821AB6690600A73485 /* RecordingsView.m */ = {isa = PBXFileReference; fileEncoding = 4; lastKnownFileType = sourcecode.c.objc; path = RecordingsView.m; sourceTree = "<group>"; };
		D0BFAD271ABE351A0051F0CF /* NSObject+Blocks.h */ = {isa = PBXFileReference; fileEncoding = 4; lastKnownFileType = sourcecode.c.h; name = "NSObject+Blocks.h"; path = "micd/NSObject+Blocks.h"; sourceTree = "<group>"; };
		D0BFAD281ABE351A0051F0CF /* NSObject+Blocks.m */ = {isa = PBXFileReference; fileEncoding = 4; lastKnownFileType = sourcecode.c.objc; name = "NSObject+Blocks.m"; path = "micd/NSObject+Blocks.m"; sourceTree = "<group>"; };
		D0BFAD391ABF9C9B0051F0CF /* micd WatchKit Extension.appex */ = {isa = PBXFileReference; explicitFileType = "wrapper.app-extension"; includeInIndex = 0; path = "micd WatchKit Extension.appex"; sourceTree = BUILT_PRODUCTS_DIR; };
		D0BFAD3C1ABF9C9B0051F0CF /* Info.plist */ = {isa = PBXFileReference; lastKnownFileType = text.plist.xml; path = Info.plist; sourceTree = "<group>"; };
		D0BFAD3D1ABF9C9B0051F0CF /* RecorderInterfaceController.h */ = {isa = PBXFileReference; lastKnownFileType = sourcecode.c.h; path = RecorderInterfaceController.h; sourceTree = "<group>"; };
		D0BFAD3E1ABF9C9B0051F0CF /* RecorderInterfaceController.m */ = {isa = PBXFileReference; lastKnownFileType = sourcecode.c.objc; path = RecorderInterfaceController.m; sourceTree = "<group>"; };
		D0BFAD401ABF9C9B0051F0CF /* Images.xcassets */ = {isa = PBXFileReference; lastKnownFileType = folder.assetcatalog; path = Images.xcassets; sourceTree = "<group>"; };
		D0BFAD441ABF9C9B0051F0CF /* micd WatchKit App.app */ = {isa = PBXFileReference; explicitFileType = wrapper.application; includeInIndex = 0; path = "micd WatchKit App.app"; sourceTree = BUILT_PRODUCTS_DIR; };
		D0BFAD4A1ABF9C9B0051F0CF /* Info.plist */ = {isa = PBXFileReference; lastKnownFileType = text.plist.xml; path = Info.plist; sourceTree = "<group>"; };
		D0BFAD4C1ABF9C9B0051F0CF /* Base */ = {isa = PBXFileReference; lastKnownFileType = file.storyboard; name = Base; path = Base.lproj/Interface.storyboard; sourceTree = "<group>"; };
		D0BFAD4E1ABF9C9B0051F0CF /* Images.xcassets */ = {isa = PBXFileReference; lastKnownFileType = folder.assetcatalog; path = Images.xcassets; sourceTree = "<group>"; };
		D0BFED3E1ACE4BD700E12526 /* SettingsView.h */ = {isa = PBXFileReference; fileEncoding = 4; lastKnownFileType = sourcecode.c.h; path = SettingsView.h; sourceTree = "<group>"; };
		D0BFED3F1ACE4BD700E12526 /* SettingsView.m */ = {isa = PBXFileReference; fileEncoding = 4; lastKnownFileType = sourcecode.c.objc; path = SettingsView.m; sourceTree = "<group>"; };
		D0BFED411ACE517A00E12526 /* DismissingAnimationController.h */ = {isa = PBXFileReference; fileEncoding = 4; lastKnownFileType = sourcecode.c.h; path = DismissingAnimationController.h; sourceTree = "<group>"; };
		D0BFED421ACE517A00E12526 /* DismissingAnimationController.m */ = {isa = PBXFileReference; fileEncoding = 4; lastKnownFileType = sourcecode.c.objc; path = DismissingAnimationController.m; sourceTree = "<group>"; };
		D0BFED431ACE517A00E12526 /* PresentingAnimationController.h */ = {isa = PBXFileReference; fileEncoding = 4; lastKnownFileType = sourcecode.c.h; path = PresentingAnimationController.h; sourceTree = "<group>"; };
		D0BFED441ACE517A00E12526 /* PresentingAnimationController.m */ = {isa = PBXFileReference; fileEncoding = 4; lastKnownFileType = sourcecode.c.objc; path = PresentingAnimationController.m; sourceTree = "<group>"; };
		D0C67CCE1A8EF917000F501A /* DataSourceController.h */ = {isa = PBXFileReference; fileEncoding = 4; lastKnownFileType = sourcecode.c.h; path = DataSourceController.h; sourceTree = "<group>"; };
		D0C67CCF1A8EF917000F501A /* DataSourceController.m */ = {isa = PBXFileReference; fileEncoding = 4; lastKnownFileType = sourcecode.c.objc; path = DataSourceController.m; sourceTree = "<group>"; };
		D0C67CD41A91B9D4000F501A /* RecordingCell.h */ = {isa = PBXFileReference; fileEncoding = 4; lastKnownFileType = sourcecode.c.h; path = RecordingCell.h; sourceTree = "<group>"; };
		D0C67CD51A91B9D4000F501A /* RecordingCell.m */ = {isa = PBXFileReference; fileEncoding = 4; lastKnownFileType = sourcecode.c.objc; path = RecordingCell.m; sourceTree = "<group>"; };
		D0C67CDA1A929A4C000F501A /* FramesController.h */ = {isa = PBXFileReference; fileEncoding = 4; lastKnownFileType = sourcecode.c.h; path = FramesController.h; sourceTree = "<group>"; };
		D0C67CDB1A929A4C000F501A /* FramesController.m */ = {isa = PBXFileReference; fileEncoding = 4; lastKnownFileType = sourcecode.c.objc; path = FramesController.m; sourceTree = "<group>"; };
		D0F97F521A92A46800F07032 /* NSString+Score.h */ = {isa = PBXFileReference; fileEncoding = 4; lastKnownFileType = sourcecode.c.h; name = "NSString+Score.h"; path = "micd/StringScore-master/NSString+Score.h"; sourceTree = "<group>"; };
		D0F97F531A92A46800F07032 /* NSString+Score.m */ = {isa = PBXFileReference; fileEncoding = 4; lastKnownFileType = sourcecode.c.objc; name = "NSString+Score.m"; path = "micd/StringScore-master/NSString+Score.m"; sourceTree = "<group>"; };
		FECB9CE9F42F55800F002CE6 /* Pods.debug.xcconfig */ = {isa = PBXFileReference; includeInIndex = 1; lastKnownFileType = text.xcconfig; name = Pods.debug.xcconfig; path = "Pods/Target Support Files/Pods/Pods.debug.xcconfig"; sourceTree = "<group>"; };
/* End PBXFileReference section */

/* Begin PBXFrameworksBuildPhase section */
		D05D75691A79AAA40050A49C /* Frameworks */ = {
			isa = PBXFrameworksBuildPhase;
			buildActionMask = 2147483647;
			files = (
				6550B4540B6DB171FECB3CD2 /* libPods.a in Frameworks */,
			);
			runOnlyForDeploymentPostprocessing = 0;
		};
		D05D75821A79AAA40050A49C /* Frameworks */ = {
			isa = PBXFrameworksBuildPhase;
			buildActionMask = 2147483647;
			files = (
			);
			runOnlyForDeploymentPostprocessing = 0;
		};
		D0BFAD361ABF9C9B0051F0CF /* Frameworks */ = {
			isa = PBXFrameworksBuildPhase;
			buildActionMask = 2147483647;
			files = (
			);
			runOnlyForDeploymentPostprocessing = 0;
		};
/* End PBXFrameworksBuildPhase section */

/* Begin PBXGroup section */
		5382381EB36A40952B91A5F0 /* Pods */ = {
			isa = PBXGroup;
			children = (
				FECB9CE9F42F55800F002CE6 /* Pods.debug.xcconfig */,
				97CB92049F40C98A8BAF6E34 /* Pods.release.xcconfig */,
			);
			name = Pods;
			sourceTree = "<group>";
		};
		7ACDB8461AB9335B00AD15E1 /* Helper Classes */ = {
			isa = PBXGroup;
			children = (
				7AC290A61A8EF0100085B927 /* Constants.h */,
				7AC290A71A8EF0100085B927 /* Constants.m */,
				7A307A621AB924E9007AF96D /* MTKValidKeyPath.h */,
				7A307A631AB924E9007AF96D /* MTKValidKeyPath.m */,
				D0BFAD271ABE351A0051F0CF /* NSObject+Blocks.h */,
				D0BFAD281ABE351A0051F0CF /* NSObject+Blocks.m */,
				D0F97F521A92A46800F07032 /* NSString+Score.h */,
				D0F97F531A92A46800F07032 /* NSString+Score.m */,
				7AFC16761ABE6C8600B5B7F8 /* UIColor+PalettePicker.h */,
				7AFC16771ABE6C8600B5B7F8 /* UIColor+PalettePicker.m */,
				D08D4BE91AB27EE300949483 /* PopViewAnimator.h */,
				D08D4BEA1AB27EE300949483 /* PopViewAnimator.m */,
			);
			name = "Helper Classes";
			path = ..;
			sourceTree = "<group>";
		};
		9608EBA9FD03CB81B731CDFB /* Frameworks */ = {
			isa = PBXGroup;
			children = (
				2ADDB858B803861D5C14D578 /* libPods.a */,
			);
			name = Frameworks;
			sourceTree = "<group>";
		};
		D05D75631A79AAA40050A49C = {
			isa = PBXGroup;
			children = (
				D05D756E1A79AAA40050A49C /* micd */,
				D0449A2C1AD4C2F200314743 /* splashScreen.png */,
				D0C67CCD1A8EF0B7000F501A /* Brians stuff */,
				D05D756F1A79AAA40050A49C /* Supporting Files */,
				D05D75881A79AAA40050A49C /* micdTests */,
				D0BFAD3A1ABF9C9B0051F0CF /* micd WatchKit Extension */,
				D0BFAD481ABF9C9B0051F0CF /* micd WatchKit App */,
				D05D756D1A79AAA40050A49C /* Products */,
				5382381EB36A40952B91A5F0 /* Pods */,
				9608EBA9FD03CB81B731CDFB /* Frameworks */,
			);
			sourceTree = "<group>";
		};
		D05D756D1A79AAA40050A49C /* Products */ = {
			isa = PBXGroup;
			children = (
				D05D756C1A79AAA40050A49C /* micd.app */,
				D05D75851A79AAA40050A49C /* micdTests.xctest */,
				D0BFAD391ABF9C9B0051F0CF /* micd WatchKit Extension.appex */,
				D0BFAD441ABF9C9B0051F0CF /* micd WatchKit App.app */,
			);
			name = Products;
			sourceTree = "<group>";
		};
		D05D756E1A79AAA40050A49C /* micd */ = {
			isa = PBXGroup;
			children = (
				7AC290B41A8EF0100085B927 /* FakesForProject.h */,
				7AC290B51A8EF0100085B927 /* FakesForProject.m */,
				D05D75791A79AAA40050A49C /* Main.storyboard */,
				D0C67CDD1A929D51000F501A /* View Controllers */,
				D0C67CDE1A929D67000F501A /* Views */,
				D0C67CDF1A929D84000F501A /* Controllers */,
				D0C67CE01A929E0E000F501A /* Model */,
				7ACDB8461AB9335B00AD15E1 /* Helper Classes */,
				D0667EFB1A897F3A001A0FC4 /* Styling */,
			);
			path = micd;
			sourceTree = "<group>";
		};
		D05D756F1A79AAA40050A49C /* Supporting Files */ = {
			isa = PBXGroup;
			children = (
				D05D75731A79AAA40050A49C /* AppDelegate.h */,
				D05D75741A79AAA40050A49C /* AppDelegate.m */,
				D0BA6D021AB906D800F6B3FF /* icon.pdf */,
				D05D757C1A79AAA40050A49C /* Images.xcassets */,
				D05D757E1A79AAA40050A49C /* LaunchScreen.xib */,
				D05D75701A79AAA40050A49C /* Info.plist */,
				D05D75711A79AAA40050A49C /* main.m */,
			);
			name = "Supporting Files";
			path = micd;
			sourceTree = "<group>";
		};
		D05D75881A79AAA40050A49C /* micdTests */ = {
			isa = PBXGroup;
			children = (
				D05D758B1A79AAA40050A49C /* micdTests.m */,
				D05D75891A79AAA40050A49C /* Supporting Files */,
			);
			path = micdTests;
			sourceTree = "<group>";
		};
		D05D75891A79AAA40050A49C /* Supporting Files */ = {
			isa = PBXGroup;
			children = (
				D05D758A1A79AAA40050A49C /* Info.plist */,
			);
			name = "Supporting Files";
			sourceTree = "<group>";
		};
		D0667EFB1A897F3A001A0FC4 /* Styling */ = {
			isa = PBXGroup;
			children = (
				D05D75951A79ABDC0050A49C /* WireTapStyleKit.h */,
				D05D75961A79ABDC0050A49C /* WireTapStyleKit.m */,
				22B359A11AC75E850037107C /* MicdStyleKit.h */,
				22B359A21AC75E850037107C /* MicdStyleKit.m */,
				D05D759B1A79AC4E0050A49C /* UIColor+Palette.h */,
				D05D759C1A79AC4E0050A49C /* UIColor+Palette.m */,
			);
			name = Styling;
			path = ..;
			sourceTree = "<group>";
		};
		D0BFAD3A1ABF9C9B0051F0CF /* micd WatchKit Extension */ = {
			isa = PBXGroup;
			children = (
				D0BFAD3D1ABF9C9B0051F0CF /* RecorderInterfaceController.h */,
				D0BFAD3E1ABF9C9B0051F0CF /* RecorderInterfaceController.m */,
				7A581D4E1ACE4373008828CC /* RecordingsInterfaceController.h */,
				7A581D4F1ACE4373008828CC /* RecordingsInterfaceController.m */,
				7A581D511ACE5423008828CC /* RecordingRowController.h */,
				7A581D521ACE5423008828CC /* RecordingRowController.m */,
				D0BFAD401ABF9C9B0051F0CF /* Images.xcassets */,
				D0BFAD3B1ABF9C9B0051F0CF /* Supporting Files */,
			);
			path = "micd WatchKit Extension";
			sourceTree = "<group>";
		};
		D0BFAD3B1ABF9C9B0051F0CF /* Supporting Files */ = {
			isa = PBXGroup;
			children = (
				D0BFAD3C1ABF9C9B0051F0CF /* Info.plist */,
			);
			name = "Supporting Files";
			sourceTree = "<group>";
		};
		D0BFAD481ABF9C9B0051F0CF /* micd WatchKit App */ = {
			isa = PBXGroup;
			children = (
				D0BFAD4B1ABF9C9B0051F0CF /* Interface.storyboard */,
				D0BFAD4E1ABF9C9B0051F0CF /* Images.xcassets */,
				D061609F1AE0D6DF00F40DF7 /* recordButton.png */,
				D0BFAD491ABF9C9B0051F0CF /* Supporting Files */,
			);
			path = "micd WatchKit App";
			sourceTree = "<group>";
		};
		D0BFAD491ABF9C9B0051F0CF /* Supporting Files */ = {
			isa = PBXGroup;
			children = (
				D0BFAD4A1ABF9C9B0051F0CF /* Info.plist */,
			);
			name = "Supporting Files";
			sourceTree = "<group>";
		};
		D0C67CCD1A8EF0B7000F501A /* Brians stuff */ = {
			isa = PBXGroup;
			children = (
				7AC290B21A8EF0100085B927 /* CKSearchViewController.h */,
				7AC290B31A8EF0100085B927 /* CKSearchViewController.m */,
			);
			name = "Brians stuff";
			path = micd;
			sourceTree = "<group>";
		};
		D0C67CDD1A929D51000F501A /* View Controllers */ = {
			isa = PBXGroup;
			children = (
				D09A69EE1A86EFC500A2C347 /* HomeViewController.h */,
				D09A69EF1A86EFC500A2C347 /* HomeViewController.m */,
				D05D75761A79AAA40050A49C /* ParentViewController.h */,
				D05D75771A79AAA40050A49C /* ParentViewController.m */,
				D09A69EB1A86E53100A2C347 /* RecordingsViewController.h */,
				D09A69EC1A86E53100A2C347 /* RecordingsViewController.m */,
				D0A427CA1ACE370B00BBC4D6 /* SettingsViewController.h */,
				D0A427CB1ACE370B00BBC4D6 /* SettingsViewController.m */,
				22D2439A1AD0D87700867992 /* FeedbackViewController.h */,
				22D2439B1AD0D87700867992 /* FeedbackViewController.m */,
				22B3B9481AD2290A00AFE02F /* MicrophoneAccessRequiredViewController.h */,
				22B3B9491AD2290A00AFE02F /* MicrophoneAccessRequiredViewController.m */,
			);
			name = "View Controllers";
			sourceTree = "<group>";
		};
		D0C67CDE1A929D67000F501A /* Views */ = {
			isa = PBXGroup;
			children = (
				D0B0DE451A8DA10200C88773 /* GearsImageView.h */,
				D0B0DE461A8DA10200C88773 /* GearsImageView.m */,
				D0C67CD41A91B9D4000F501A /* RecordingCell.h */,
				D0C67CD51A91B9D4000F501A /* RecordingCell.m */,
				D0BD55811AB6690600A73485 /* RecordingsView.h */,
				D0BD55821AB6690600A73485 /* RecordingsView.m */,
				D0BFED3E1ACE4BD700E12526 /* SettingsView.h */,
				D0BFED3F1ACE4BD700E12526 /* SettingsView.m */,
				D05500F61AA7C8F100C71FE1 /* PassthroughView.h */,
				D05500F71AA7C8F100C71FE1 /* PassthroughView.m */,
				D05500F91AA7CAD600C71FE1 /* PassthroughImageView.h */,
				D05500FA1AA7CAD600C71FE1 /* PassthroughImageView.m */,
				22B359A41AC75F2E0037107C /* ProgressBarView.h */,
				22B359A51AC75F2E0037107C /* ProgressBarView.m */,
				D05405221AD382DD0026057E /* TactileShapedButton.h */,
				D05405231AD382DD0026057E /* TactileShapedButton.m */,
			);
			name = Views;
			sourceTree = "<group>";
		};
		D0C67CDF1A929D84000F501A /* Controllers */ = {
			isa = PBXGroup;
			children = (
				D0C67CCE1A8EF917000F501A /* DataSourceController.h */,
				D0C67CCF1A8EF917000F501A /* DataSourceController.m */,
				D08D4BEF1AB407C400949483 /* DisplayLinkController.h */,
				D08D4BF01AB407C400949483 /* DisplayLinkController.m */,
				D0C67CDA1A929A4C000F501A /* FramesController.h */,
				D0C67CDB1A929A4C000F501A /* FramesController.m */,
				7AC290A81A8EF0100085B927 /* PlayerController.h */,
				7AC290A91A8EF0100085B927 /* PlayerController.m */,
				7AC290AA1A8EF0100085B927 /* RecorderController.h */,
				7AC290AB1A8EF0100085B927 /* RecorderController.m */,
				7A146A881ACA4260004C55A2 /* RemoteCommandCenterController.h */,
				7A146A891ACA4260004C55A2 /* RemoteCommandCenterController.m */,
				7A115BED1AEF3D5C007BD865 /* ShareExtensionController.h */,
				7A115BEE1AEF3D5C007BD865 /* ShareExtensionController.m */,
				7A581D541AD0E459008828CC /* AudioSessionController.h */,
				7A581D551AD0E459008828CC /* AudioSessionController.m */,
				7A301EEF1AC75AE600FC900D /* VersionController.h */,
				7A301EF01AC75AE600FC900D /* VersionController.m */,
				D0BFED411ACE517A00E12526 /* DismissingAnimationController.h */,
				D0BFED421ACE517A00E12526 /* DismissingAnimationController.m */,
				D0BFED431ACE517A00E12526 /* PresentingAnimationController.h */,
				D0BFED441ACE517A00E12526 /* PresentingAnimationController.m */,
				D08E23B81AD49F9A00E8CB59 /* ActivityItemProvider.h */,
				D08E23B91AD49F9A00E8CB59 /* ActivityItemProvider.m */,
			);
			name = Controllers;
			sourceTree = "<group>";
		};
		D0C67CE01A929E0E000F501A /* Model */ = {
			isa = PBXGroup;
			children = (
				7A9660681AC5E6C500439660 /* Factory.h */,
				7A9660691AC5E6C500439660 /* Factory.m */,
				7AC290AC1A8EF0100085B927 /* Recording.h */,
				7AC290AD1A8EF0100085B927 /* Recording.m */,
				D034F0401AA148680059028D /* RecordingsSection.h */,
				D034F0411AA148680059028D /* RecordingsSection.m */,
				D077E54B1AA40A660004AFE4 /* RecordingCellModel.h */,
				D077E54C1AA40A660004AFE4 /* RecordingCellModel.m */,
			);
			name = Model;
			sourceTree = "<group>";
		};
/* End PBXGroup section */

/* Begin PBXNativeTarget section */
		D05D756B1A79AAA40050A49C /* micd */ = {
			isa = PBXNativeTarget;
			buildConfigurationList = D05D758F1A79AAA40050A49C /* Build configuration list for PBXNativeTarget "micd" */;
			buildPhases = (
				127224C1F8A13AF5C447A87F /* Check Pods Manifest.lock */,
				D05D75681A79AAA40050A49C /* Sources */,
				D05D75691A79AAA40050A49C /* Frameworks */,
				D05D756A1A79AAA40050A49C /* Resources */,
				802943FB87C5BFF9DC29BDD1 /* Copy Pods Resources */,
				D0BFAD591ABF9C9B0051F0CF /* Embed App Extensions */,
			);
			buildRules = (
			);
			dependencies = (
				D0BFAD511ABF9C9B0051F0CF /* PBXTargetDependency */,
			);
			name = micd;
			productName = micd;
			productReference = D05D756C1A79AAA40050A49C /* micd.app */;
			productType = "com.apple.product-type.application";
		};
		D05D75841A79AAA40050A49C /* micdTests */ = {
			isa = PBXNativeTarget;
			buildConfigurationList = D05D75921A79AAA40050A49C /* Build configuration list for PBXNativeTarget "micdTests" */;
			buildPhases = (
				D05D75811A79AAA40050A49C /* Sources */,
				D05D75821A79AAA40050A49C /* Frameworks */,
				D05D75831A79AAA40050A49C /* Resources */,
			);
			buildRules = (
			);
			dependencies = (
				D05D75871A79AAA40050A49C /* PBXTargetDependency */,
			);
			name = micdTests;
			productName = micdTests;
			productReference = D05D75851A79AAA40050A49C /* micdTests.xctest */;
			productType = "com.apple.product-type.bundle.unit-test";
		};
		D0BFAD381ABF9C9B0051F0CF /* micd WatchKit Extension */ = {
			isa = PBXNativeTarget;
			buildConfigurationList = D0BFAD561ABF9C9B0051F0CF /* Build configuration list for PBXNativeTarget "micd WatchKit Extension" */;
			buildPhases = (
				D0BFAD351ABF9C9B0051F0CF /* Sources */,
				D0BFAD361ABF9C9B0051F0CF /* Frameworks */,
				D0BFAD371ABF9C9B0051F0CF /* Resources */,
			);
			buildRules = (
			);
			dependencies = (
				D0BFAD471ABF9C9B0051F0CF /* PBXTargetDependency */,
			);
			name = "micd WatchKit Extension";
			productName = "micd WatchKit Extension";
			productReference = D0BFAD391ABF9C9B0051F0CF /* micd WatchKit Extension.appex */;
			productType = "com.apple.product-type.watchkit-extension";
		};
		D0BFAD431ABF9C9B0051F0CF /* micd WatchKit App */ = {
			isa = PBXNativeTarget;
			buildConfigurationList = D0BFAD531ABF9C9B0051F0CF /* Build configuration list for PBXNativeTarget "micd WatchKit App" */;
			buildPhases = (
				D0BFAD421ABF9C9B0051F0CF /* Resources */,
			);
			buildRules = (
			);
			dependencies = (
			);
			name = "micd WatchKit App";
			productName = "micd WatchKit App";
			productReference = D0BFAD441ABF9C9B0051F0CF /* micd WatchKit App.app */;
			productType = "com.apple.product-type.application.watchapp";
		};
/* End PBXNativeTarget section */

/* Begin PBXProject section */
		D05D75641A79AAA40050A49C /* Project object */ = {
			isa = PBXProject;
			attributes = {
				LastUpgradeCheck = 0610;
				ORGANIZATIONNAME = CleverKnot;
				TargetAttributes = {
					D05D756B1A79AAA40050A49C = {
						CreatedOnToolsVersion = 6.1.1;
						DevelopmentTeam = A57KTL95E8;
					};
					D05D75841A79AAA40050A49C = {
						CreatedOnToolsVersion = 6.1.1;
						DevelopmentTeam = A57KTL95E8;
						TestTargetID = D05D756B1A79AAA40050A49C;
					};
					D0BFAD381ABF9C9B0051F0CF = {
						CreatedOnToolsVersion = 6.2;
						DevelopmentTeam = A57KTL95E8;
					};
					D0BFAD431ABF9C9B0051F0CF = {
						CreatedOnToolsVersion = 6.2;
						DevelopmentTeam = A57KTL95E8;
					};
				};
			};
			buildConfigurationList = D05D75671A79AAA40050A49C /* Build configuration list for PBXProject "micd" */;
			compatibilityVersion = "Xcode 3.2";
			developmentRegion = English;
			hasScannedForEncodings = 0;
			knownRegions = (
				en,
				Base,
			);
			mainGroup = D05D75631A79AAA40050A49C;
			productRefGroup = D05D756D1A79AAA40050A49C /* Products */;
			projectDirPath = "";
			projectRoot = "";
			targets = (
				D05D756B1A79AAA40050A49C /* micd */,
				D05D75841A79AAA40050A49C /* micdTests */,
				D0BFAD381ABF9C9B0051F0CF /* micd WatchKit Extension */,
				D0BFAD431ABF9C9B0051F0CF /* micd WatchKit App */,
			);
		};
/* End PBXProject section */

/* Begin PBXResourcesBuildPhase section */
		D05D756A1A79AAA40050A49C /* Resources */ = {
			isa = PBXResourcesBuildPhase;
			buildActionMask = 2147483647;
			files = (
				D05D757B1A79AAA40050A49C /* Main.storyboard in Resources */,
				D05D75801A79AAA40050A49C /* LaunchScreen.xib in Resources */,
				D0BA6D031AB906D800F6B3FF /* icon.pdf in Resources */,
				D0449A2D1AD4C2F200314743 /* splashScreen.png in Resources */,
				D05D757D1A79AAA40050A49C /* Images.xcassets in Resources */,
			);
			runOnlyForDeploymentPostprocessing = 0;
		};
		D05D75831A79AAA40050A49C /* Resources */ = {
			isa = PBXResourcesBuildPhase;
			buildActionMask = 2147483647;
			files = (
			);
			runOnlyForDeploymentPostprocessing = 0;
		};
		D0BFAD371ABF9C9B0051F0CF /* Resources */ = {
			isa = PBXResourcesBuildPhase;
			buildActionMask = 2147483647;
			files = (
				D0BFAD411ABF9C9B0051F0CF /* Images.xcassets in Resources */,
				D0BFAD451ABF9C9B0051F0CF /* micd WatchKit App.app in Resources */,
			);
			runOnlyForDeploymentPostprocessing = 0;
		};
		D0BFAD421ABF9C9B0051F0CF /* Resources */ = {
			isa = PBXResourcesBuildPhase;
			buildActionMask = 2147483647;
			files = (
				D0BFAD4D1ABF9C9B0051F0CF /* Interface.storyboard in Resources */,
				D06160A01AE0D6DF00F40DF7 /* recordButton.png in Resources */,
				D0BFAD4F1ABF9C9B0051F0CF /* Images.xcassets in Resources */,
			);
			runOnlyForDeploymentPostprocessing = 0;
		};
/* End PBXResourcesBuildPhase section */

/* Begin PBXShellScriptBuildPhase section */
		127224C1F8A13AF5C447A87F /* Check Pods Manifest.lock */ = {
			isa = PBXShellScriptBuildPhase;
			buildActionMask = 2147483647;
			files = (
			);
			inputPaths = (
			);
			name = "Check Pods Manifest.lock";
			outputPaths = (
			);
			runOnlyForDeploymentPostprocessing = 0;
			shellPath = /bin/sh;
			shellScript = "diff \"${PODS_ROOT}/../Podfile.lock\" \"${PODS_ROOT}/Manifest.lock\" > /dev/null\nif [[ $? != 0 ]] ; then\n    cat << EOM\nerror: The sandbox is not in sync with the Podfile.lock. Run 'pod install' or update your CocoaPods installation.\nEOM\n    exit 1\nfi\n";
			showEnvVarsInLog = 0;
		};
		802943FB87C5BFF9DC29BDD1 /* Copy Pods Resources */ = {
			isa = PBXShellScriptBuildPhase;
			buildActionMask = 2147483647;
			files = (
			);
			inputPaths = (
			);
			name = "Copy Pods Resources";
			outputPaths = (
			);
			runOnlyForDeploymentPostprocessing = 0;
			shellPath = /bin/sh;
			shellScript = "\"${SRCROOT}/Pods/Target Support Files/Pods/Pods-resources.sh\"\n";
			showEnvVarsInLog = 0;
		};
/* End PBXShellScriptBuildPhase section */

/* Begin PBXSourcesBuildPhase section */
		D05D75681A79AAA40050A49C /* Sources */ = {
			isa = PBXSourcesBuildPhase;
			buildActionMask = 2147483647;
			files = (
				D0F97F541A92A46800F07032 /* NSString+Score.m in Sources */,
				D05D75781A79AAA40050A49C /* ParentViewController.m in Sources */,
				7A301EF11AC75AE600FC900D /* VersionController.m in Sources */,
				D077E54D1AA40A660004AFE4 /* RecordingCellModel.m in Sources */,
				7A307A641AB924E9007AF96D /* MTKValidKeyPath.m in Sources */,
				7A581D561AD0E459008828CC /* AudioSessionController.m in Sources */,
				7AC290B71A8EF0100085B927 /* PlayerController.m in Sources */,
				D0BFAD291ABE351A0051F0CF /* NSObject+Blocks.m in Sources */,
				7AC290B81A8EF0100085B927 /* RecorderController.m in Sources */,
				D05D75971A79ABDC0050A49C /* WireTapStyleKit.m in Sources */,
				D05500FB1AA7CAD600C71FE1 /* PassthroughImageView.m in Sources */,
				7A115BEF1AEF3D5C007BD865 /* ShareExtensionController.m in Sources */,
				7AC290BD1A8EF0100085B927 /* FakesForProject.m in Sources */,
				7A96606A1AC5E6C500439660 /* Factory.m in Sources */,
				D05D75751A79AAA40050A49C /* AppDelegate.m in Sources */,
				D08D4BEB1AB27EE300949483 /* PopViewAnimator.m in Sources */,
				D05500F81AA7C8F100C71FE1 /* PassthroughView.m in Sources */,
				D0BFED461ACE517A00E12526 /* PresentingAnimationController.m in Sources */,
				D0BFED451ACE517A00E12526 /* DismissingAnimationController.m in Sources */,
				D034F0421AA148680059028D /* RecordingsSection.m in Sources */,
				D08D4BF11AB407C400949483 /* DisplayLinkController.m in Sources */,
				D0BFED401ACE4BD700E12526 /* SettingsView.m in Sources */,
				22B359A61AC75F2E0037107C /* ProgressBarView.m in Sources */,
				D0B0DE471A8DA10200C88773 /* GearsImageView.m in Sources */,
				D05D75721A79AAA40050A49C /* main.m in Sources */,
				D0C67CD61A91B9D4000F501A /* RecordingCell.m in Sources */,
				22B3B94A1AD2290A00AFE02F /* MicrophoneAccessRequiredViewController.m in Sources */,
				D0C67CD01A8EF917000F501A /* DataSourceController.m in Sources */,
				7AC290B91A8EF0100085B927 /* Recording.m in Sources */,
				7AC290BC1A8EF0100085B927 /* CKSearchViewController.m in Sources */,
				D05D759D1A79AC4E0050A49C /* UIColor+Palette.m in Sources */,
				7AFC16781ABE6C8600B5B7F8 /* UIColor+PalettePicker.m in Sources */,
				D0A427CD1ACE370B00BBC4D6 /* SettingsViewController.m in Sources */,
				D09A69ED1A86E53100A2C347 /* RecordingsViewController.m in Sources */,
				7A146A8A1ACA4260004C55A2 /* RemoteCommandCenterController.m in Sources */,
				D08E23BA1AD49F9A00E8CB59 /* ActivityItemProvider.m in Sources */,
				D0BD55831AB6690600A73485 /* RecordingsView.m in Sources */,
				D0C67CDC1A929A4C000F501A /* FramesController.m in Sources */,
				22B359A31AC75E850037107C /* MicdStyleKit.m in Sources */,
				22D2439C1AD0D87700867992 /* FeedbackViewController.m in Sources */,
				D09A69F01A86EFC500A2C347 /* HomeViewController.m in Sources */,
				7AC290B61A8EF0100085B927 /* Constants.m in Sources */,
				D05405241AD382DD0026057E /* TactileShapedButton.m in Sources */,
			);
			runOnlyForDeploymentPostprocessing = 0;
		};
		D05D75811A79AAA40050A49C /* Sources */ = {
			isa = PBXSourcesBuildPhase;
			buildActionMask = 2147483647;
			files = (
				D05D758C1A79AAA40050A49C /* micdTests.m in Sources */,
			);
			runOnlyForDeploymentPostprocessing = 0;
		};
		D0BFAD351ABF9C9B0051F0CF /* Sources */ = {
			isa = PBXSourcesBuildPhase;
			buildActionMask = 2147483647;
			files = (
				7A581D531ACE5423008828CC /* RecordingRowController.m in Sources */,
				7A72932D1AD1FD270001B36C /* UIColor+Palette.m in Sources */,
				7A72932C1AD1FADD0001B36C /* UIColor+PalettePicker.m in Sources */,
				D0BFAD3F1ABF9C9B0051F0CF /* RecorderInterfaceController.m in Sources */,
				7A301EF21AC7653100FC900D /* Constants.m in Sources */,
				7A581D501ACE4373008828CC /* RecordingsInterfaceController.m in Sources */,
			);
			runOnlyForDeploymentPostprocessing = 0;
		};
/* End PBXSourcesBuildPhase section */

/* Begin PBXTargetDependency section */
		D05D75871A79AAA40050A49C /* PBXTargetDependency */ = {
			isa = PBXTargetDependency;
			target = D05D756B1A79AAA40050A49C /* micd */;
			targetProxy = D05D75861A79AAA40050A49C /* PBXContainerItemProxy */;
		};
		D0BFAD471ABF9C9B0051F0CF /* PBXTargetDependency */ = {
			isa = PBXTargetDependency;
			target = D0BFAD431ABF9C9B0051F0CF /* micd WatchKit App */;
			targetProxy = D0BFAD461ABF9C9B0051F0CF /* PBXContainerItemProxy */;
		};
		D0BFAD511ABF9C9B0051F0CF /* PBXTargetDependency */ = {
			isa = PBXTargetDependency;
			target = D0BFAD381ABF9C9B0051F0CF /* micd WatchKit Extension */;
			targetProxy = D0BFAD501ABF9C9B0051F0CF /* PBXContainerItemProxy */;
		};
/* End PBXTargetDependency section */

/* Begin PBXVariantGroup section */
		D05D75791A79AAA40050A49C /* Main.storyboard */ = {
			isa = PBXVariantGroup;
			children = (
				D05D757A1A79AAA40050A49C /* Base */,
			);
			name = Main.storyboard;
			sourceTree = "<group>";
		};
		D05D757E1A79AAA40050A49C /* LaunchScreen.xib */ = {
			isa = PBXVariantGroup;
			children = (
				D05D757F1A79AAA40050A49C /* Base */,
			);
			name = LaunchScreen.xib;
			sourceTree = "<group>";
		};
		D0BFAD4B1ABF9C9B0051F0CF /* Interface.storyboard */ = {
			isa = PBXVariantGroup;
			children = (
				D0BFAD4C1ABF9C9B0051F0CF /* Base */,
			);
			name = Interface.storyboard;
			sourceTree = "<group>";
		};
/* End PBXVariantGroup section */

/* Begin XCBuildConfiguration section */
		D05D758D1A79AAA40050A49C /* Debug */ = {
			isa = XCBuildConfiguration;
			buildSettings = {
				ALWAYS_SEARCH_USER_PATHS = NO;
				CLANG_CXX_LANGUAGE_STANDARD = "gnu++0x";
				CLANG_CXX_LIBRARY = "libc++";
				CLANG_ENABLE_MODULES = YES;
				CLANG_ENABLE_OBJC_ARC = YES;
				CLANG_WARN_BOOL_CONVERSION = YES;
				CLANG_WARN_CONSTANT_CONVERSION = YES;
				CLANG_WARN_DIRECT_OBJC_ISA_USAGE = YES_ERROR;
				CLANG_WARN_EMPTY_BODY = YES;
				CLANG_WARN_ENUM_CONVERSION = YES;
				CLANG_WARN_INT_CONVERSION = YES;
				CLANG_WARN_OBJC_ROOT_CLASS = YES_ERROR;
				CLANG_WARN_UNREACHABLE_CODE = YES;
				CLANG_WARN__DUPLICATE_METHOD_MATCH = YES;
				"CODE_SIGN_IDENTITY[sdk=iphoneos*]" = "iPhone Developer";
				COPY_PHASE_STRIP = NO;
				ENABLE_STRICT_OBJC_MSGSEND = YES;
				GCC_C_LANGUAGE_STANDARD = gnu99;
				GCC_DYNAMIC_NO_PIC = NO;
				GCC_OPTIMIZATION_LEVEL = 0;
				GCC_PREPROCESSOR_DEFINITIONS = (
					"DEBUG=1",
					"$(inherited)",
				);
				GCC_SYMBOLS_PRIVATE_EXTERN = NO;
				GCC_WARN_64_TO_32_BIT_CONVERSION = YES;
				GCC_WARN_ABOUT_RETURN_TYPE = YES_ERROR;
				GCC_WARN_UNDECLARED_SELECTOR = YES;
				GCC_WARN_UNINITIALIZED_AUTOS = YES_AGGRESSIVE;
				GCC_WARN_UNUSED_FUNCTION = YES;
				GCC_WARN_UNUSED_VARIABLE = YES;
				IPHONEOS_DEPLOYMENT_TARGET = 8.1;
				MTL_ENABLE_DEBUG_INFO = YES;
				ONLY_ACTIVE_ARCH = YES;
				SDKROOT = iphoneos;
			};
			name = Debug;
		};
		D05D758E1A79AAA40050A49C /* Release */ = {
			isa = XCBuildConfiguration;
			buildSettings = {
				ALWAYS_SEARCH_USER_PATHS = NO;
				CLANG_CXX_LANGUAGE_STANDARD = "gnu++0x";
				CLANG_CXX_LIBRARY = "libc++";
				CLANG_ENABLE_MODULES = YES;
				CLANG_ENABLE_OBJC_ARC = YES;
				CLANG_WARN_BOOL_CONVERSION = YES;
				CLANG_WARN_CONSTANT_CONVERSION = YES;
				CLANG_WARN_DIRECT_OBJC_ISA_USAGE = YES_ERROR;
				CLANG_WARN_EMPTY_BODY = YES;
				CLANG_WARN_ENUM_CONVERSION = YES;
				CLANG_WARN_INT_CONVERSION = YES;
				CLANG_WARN_OBJC_ROOT_CLASS = YES_ERROR;
				CLANG_WARN_UNREACHABLE_CODE = YES;
				CLANG_WARN__DUPLICATE_METHOD_MATCH = YES;
				"CODE_SIGN_IDENTITY[sdk=iphoneos*]" = "iPhone Developer";
				COPY_PHASE_STRIP = YES;
				ENABLE_NS_ASSERTIONS = NO;
				ENABLE_STRICT_OBJC_MSGSEND = YES;
				GCC_C_LANGUAGE_STANDARD = gnu99;
				GCC_WARN_64_TO_32_BIT_CONVERSION = YES;
				GCC_WARN_ABOUT_RETURN_TYPE = YES_ERROR;
				GCC_WARN_UNDECLARED_SELECTOR = YES;
				GCC_WARN_UNINITIALIZED_AUTOS = YES_AGGRESSIVE;
				GCC_WARN_UNUSED_FUNCTION = YES;
				GCC_WARN_UNUSED_VARIABLE = YES;
				IPHONEOS_DEPLOYMENT_TARGET = 8.1;
				MTL_ENABLE_DEBUG_INFO = NO;
				SDKROOT = iphoneos;
				VALIDATE_PRODUCT = YES;
			};
			name = Release;
		};
		D05D75901A79AAA40050A49C /* Debug */ = {
			isa = XCBuildConfiguration;
			baseConfigurationReference = FECB9CE9F42F55800F002CE6 /* Pods.debug.xcconfig */;
			buildSettings = {
				ASSETCATALOG_COMPILER_APPICON_NAME = AppIcon;
				CODE_SIGN_IDENTITY = "iPhone Developer";
				"CODE_SIGN_IDENTITY[sdk=iphoneos*]" = "iPhone Developer";
				INFOPLIST_FILE = micd/Info.plist;
				IPHONEOS_DEPLOYMENT_TARGET = 8.0;
				LD_RUNPATH_SEARCH_PATHS = "$(inherited) @executable_path/Frameworks";
				PRODUCT_NAME = "$(TARGET_NAME)";
				PROVISIONING_PROFILE = "";
			};
			name = Debug;
		};
		D05D75911A79AAA40050A49C /* Release */ = {
			isa = XCBuildConfiguration;
			baseConfigurationReference = 97CB92049F40C98A8BAF6E34 /* Pods.release.xcconfig */;
			buildSettings = {
				ASSETCATALOG_COMPILER_APPICON_NAME = AppIcon;
				CODE_SIGN_IDENTITY = "iPhone Developer";
				"CODE_SIGN_IDENTITY[sdk=iphoneos*]" = "iPhone Developer";
				INFOPLIST_FILE = micd/Info.plist;
				IPHONEOS_DEPLOYMENT_TARGET = 8.0;
				LD_RUNPATH_SEARCH_PATHS = "$(inherited) @executable_path/Frameworks";
				PRODUCT_NAME = "$(TARGET_NAME)";
				PROVISIONING_PROFILE = "";
			};
			name = Release;
		};
		D05D75931A79AAA40050A49C /* Debug */ = {
			isa = XCBuildConfiguration;
			buildSettings = {
				BUNDLE_LOADER = "$(TEST_HOST)";
				FRAMEWORK_SEARCH_PATHS = (
					"$(SDKROOT)/Developer/Library/Frameworks",
					"$(inherited)",
				);
				GCC_PREPROCESSOR_DEFINITIONS = (
					"DEBUG=1",
					"$(inherited)",
				);
				INFOPLIST_FILE = micdTests/Info.plist;
				LD_RUNPATH_SEARCH_PATHS = "$(inherited) @executable_path/Frameworks @loader_path/Frameworks";
				PRODUCT_NAME = "$(TARGET_NAME)";
				TEST_HOST = "$(BUILT_PRODUCTS_DIR)/micd.app/micd";
			};
			name = Debug;
		};
		D05D75941A79AAA40050A49C /* Release */ = {
			isa = XCBuildConfiguration;
			buildSettings = {
				BUNDLE_LOADER = "$(TEST_HOST)";
				FRAMEWORK_SEARCH_PATHS = (
					"$(SDKROOT)/Developer/Library/Frameworks",
					"$(inherited)",
				);
				INFOPLIST_FILE = micdTests/Info.plist;
				LD_RUNPATH_SEARCH_PATHS = "$(inherited) @executable_path/Frameworks @loader_path/Frameworks";
				PRODUCT_NAME = "$(TARGET_NAME)";
				TEST_HOST = "$(BUILT_PRODUCTS_DIR)/micd.app/micd";
			};
			name = Release;
		};
		D0BFAD541ABF9C9B0051F0CF /* Debug */ = {
			isa = XCBuildConfiguration;
			buildSettings = {
				ASSETCATALOG_COMPILER_APPICON_NAME = AppIcon;
				CODE_SIGN_IDENTITY = "iPhone Developer";
				"CODE_SIGN_IDENTITY[sdk=iphoneos*]" = "iPhone Developer";
				COPY_PHASE_STRIP = YES;
				GCC_PREPROCESSOR_DEFINITIONS = (
					"DEBUG=1",
					"$(inherited)",
				);
				IBSC_MODULE = micd_WatchKit_Extension;
				INFOPLIST_FILE = "micd WatchKit App/Info.plist";
				IPHONEOS_DEPLOYMENT_TARGET = 8.2;
				PRODUCT_NAME = "$(TARGET_NAME)";
				PROVISIONING_PROFILE = "";
				SKIP_INSTALL = YES;
				TARGETED_DEVICE_FAMILY = 4;
				"TARGETED_DEVICE_FAMILY[sdk=iphonesimulator*]" = "1,4";
			};
			name = Debug;
		};
		D0BFAD551ABF9C9B0051F0CF /* Release */ = {
			isa = XCBuildConfiguration;
			buildSettings = {
				ASSETCATALOG_COMPILER_APPICON_NAME = AppIcon;
				CODE_SIGN_IDENTITY = "iPhone Developer";
				"CODE_SIGN_IDENTITY[sdk=iphoneos*]" = "iPhone Developer";
				COPY_PHASE_STRIP = YES;
				IBSC_MODULE = micd_WatchKit_Extension;
				INFOPLIST_FILE = "micd WatchKit App/Info.plist";
				IPHONEOS_DEPLOYMENT_TARGET = 8.2;
				PRODUCT_NAME = "$(TARGET_NAME)";
				PROVISIONING_PROFILE = "";
				SKIP_INSTALL = YES;
				TARGETED_DEVICE_FAMILY = 4;
				"TARGETED_DEVICE_FAMILY[sdk=iphonesimulator*]" = "1,4";
			};
			name = Release;
		};
		D0BFAD571ABF9C9B0051F0CF /* Debug */ = {
			isa = XCBuildConfiguration;
			buildSettings = {
				CODE_SIGN_IDENTITY = "iPhone Developer";
				"CODE_SIGN_IDENTITY[sdk=iphoneos*]" = "iPhone Developer";
				GCC_PREPROCESSOR_DEFINITIONS = (
					"DEBUG=1",
					"$(inherited)",
				);
				INFOPLIST_FILE = "micd WatchKit Extension/Info.plist";
				IPHONEOS_DEPLOYMENT_TARGET = 8.2;
				LD_RUNPATH_SEARCH_PATHS = "$(inherited) @executable_path/Frameworks @executable_path/../../Frameworks";
				PRODUCT_NAME = "${TARGET_NAME}";
				SKIP_INSTALL = YES;
			};
			name = Debug;
		};
		D0BFAD581ABF9C9B0051F0CF /* Release */ = {
			isa = XCBuildConfiguration;
			buildSettings = {
				CODE_SIGN_IDENTITY = "iPhone Developer";
				"CODE_SIGN_IDENTITY[sdk=iphoneos*]" = "iPhone Developer";
				COPY_PHASE_STRIP = NO;
				INFOPLIST_FILE = "micd WatchKit Extension/Info.plist";
				IPHONEOS_DEPLOYMENT_TARGET = 8.2;
				LD_RUNPATH_SEARCH_PATHS = "$(inherited) @executable_path/Frameworks @executable_path/../../Frameworks";
				PRODUCT_NAME = "${TARGET_NAME}";
				SKIP_INSTALL = YES;
			};
			name = Release;
		};
/* End XCBuildConfiguration section */

/* Begin XCConfigurationList section */
		D05D75671A79AAA40050A49C /* Build configuration list for PBXProject "micd" */ = {
			isa = XCConfigurationList;
			buildConfigurations = (
				D05D758D1A79AAA40050A49C /* Debug */,
				D05D758E1A79AAA40050A49C /* Release */,
			);
			defaultConfigurationIsVisible = 0;
			defaultConfigurationName = Release;
		};
		D05D758F1A79AAA40050A49C /* Build configuration list for PBXNativeTarget "micd" */ = {
			isa = XCConfigurationList;
			buildConfigurations = (
				D05D75901A79AAA40050A49C /* Debug */,
				D05D75911A79AAA40050A49C /* Release */,
			);
			defaultConfigurationIsVisible = 0;
			defaultConfigurationName = Release;
		};
		D05D75921A79AAA40050A49C /* Build configuration list for PBXNativeTarget "micdTests" */ = {
			isa = XCConfigurationList;
			buildConfigurations = (
				D05D75931A79AAA40050A49C /* Debug */,
				D05D75941A79AAA40050A49C /* Release */,
			);
			defaultConfigurationIsVisible = 0;
			defaultConfigurationName = Release;
		};
		D0BFAD531ABF9C9B0051F0CF /* Build configuration list for PBXNativeTarget "micd WatchKit App" */ = {
			isa = XCConfigurationList;
			buildConfigurations = (
				D0BFAD541ABF9C9B0051F0CF /* Debug */,
				D0BFAD551ABF9C9B0051F0CF /* Release */,
			);
			defaultConfigurationIsVisible = 0;
			defaultConfigurationName = Release;
		};
		D0BFAD561ABF9C9B0051F0CF /* Build configuration list for PBXNativeTarget "micd WatchKit Extension" */ = {
			isa = XCConfigurationList;
			buildConfigurations = (
				D0BFAD571ABF9C9B0051F0CF /* Debug */,
				D0BFAD581ABF9C9B0051F0CF /* Release */,
			);
			defaultConfigurationIsVisible = 0;
			defaultConfigurationName = Release;
		};
/* End XCConfigurationList section */
	};
	rootObject = D05D75641A79AAA40050A49C /* Project object */;
}
